
Microsoft Visual Studio Solution File, Format Version 12.00
# Visual Studio Version 17
VisualStudioVersion = 17.4.33205.214
MinimumVisualStudioVersion = 10.0.40219.1
Project("{FAE04EC0-301F-11D3-BF4B-00C04F79EFBC}") = "Movie Spooky", "Movie Spooky\Movie Spooky.csproj", "{E1562FAD-9850-40E9-A305-1A805C1FB9D1}"
EndProject
Global
	GlobalSection(SolutionConfigurationPlatforms) = preSolution
		Debug|Any CPU = Debug|Any CPU
		Release|Any CPU = Release|Any CPU
	EndGlobalSection
	GlobalSection(ProjectConfigurationPlatforms) = postSolution
		{E1562FAD-9850-40E9-A305-1A805C1FB9D1}.Debug|Any CPU.ActiveCfg = Debug|Any CPU
		{E1562FAD-9850-40E9-A305-1A805C1FB9D1}.Debug|Any CPU.Build.0 = Debug|Any CPU
		{E1562FAD-9850-40E9-A305-1A805C1FB9D1}.Release|Any CPU.ActiveCfg = Release|Any CPU
		{E1562FAD-9850-40E9-A305-1A805C1FB9D1}.Release|Any CPU.Build.0 = Release|Any CPU
	EndGlobalSection
	GlobalSection(SolutionProperties) = preSolution
		HideSolutionNode = FALSE
	EndGlobalSection
	GlobalSection(ExtensibilityGlobals) = postSolution
		SolutionGuid = {EFA3D813-92C2-4647-AFC9-665C231E986C}
	EndGlobalSection
EndGlobal
